
Microsoft Visual Studio Solution File, Format Version 12.00
# Visual Studio Version 16
VisualStudioVersion = 16.0.33214.272
MinimumVisualStudioVersion = 10.0.40219.1
Project("{8BC9CEB8-8B4A-11D0-8D11-00A0C91BC942}") = "lw1", "lw1.vcxproj", "{3372A42C-CDDF-4BC7-876B-0CCC64A4E8DC}"
EndProject
Global
	GlobalSection(SolutionConfigurationPlatforms) = preSolution
		Debug|x64 = Debug|x64
		Debug|x86 = Debug|x86
		Release|x64 = Release|x64
		Release|x86 = Release|x86
	EndGlobalSection
	GlobalSection(ProjectConfigurationPlatforms) = postSolution
		{3372A42C-CDDF-4BC7-876B-0CCC64A4E8DC}.Debug|x64.ActiveCfg = Debug|x64
		{3372A42C-CDDF-4BC7-876B-0CCC64A4E8DC}.Debug|x64.Build.0 = Debug|x64
		{3372A42C-CDDF-4BC7-876B-0CCC64A4E8DC}.Debug|x86.ActiveCfg = Debug|Win32
		{3372A42C-CDDF-4BC7-876B-0CCC64A4E8DC}.Debug|x86.Build.0 = Debug|Win32
		{3372A42C-CDDF-4BC7-876B-0CCC64A4E8DC}.Release|x64.ActiveCfg = Release|x64
		{3372A42C-CDDF-4BC7-876B-0CCC64A4E8DC}.Release|x64.Build.0 = Release|x64
		{3372A42C-CDDF-4BC7-876B-0CCC64A4E8DC}.Release|x86.ActiveCfg = Release|Win32
		{3372A42C-CDDF-4BC7-876B-0CCC64A4E8DC}.Release|x86.Build.0 = Release|Win32
	EndGlobalSection
	GlobalSection(SolutionProperties) = preSolution
		HideSolutionNode = FALSE
	EndGlobalSection
	GlobalSection(ExtensibilityGlobals) = postSolution
		SolutionGuid = {B26D0842-A01F-420D-AA00-2A723621EF6E}
	EndGlobalSection
EndGlobal
